{"SurveyEntry":{"SurveyID":"SV_cPkJobHbwsJacbc","SurveyName":"DICE_Brand_Safety_Aug_2024","SurveyDescription":null,"SurveyOwnerID":"UR_6rOv7G4Goecl5J4","SurveyBrandID":"unisg","DivisionID":null,"SurveyLanguage":"EN","SurveyActiveResponseSet":"RS_9Btz2ZDOR1boRHo","SurveyStatus":"Active","SurveyStartDate":"0000-00-00 00:00:00","SurveyExpirationDate":"0000-00-00 00:00:00","SurveyCreationDate":"2024-08-15 01:51:29","CreatorID":"UR_6rOv7G4Goecl5J4","LastModified":"2024-08-15 02:54:57","LastAccessed":"0000-00-00 00:00:00","LastActivated":"2024-08-15 02:05:36","Deleted":null},"SurveyElements":[{"SurveyID":"SV_cPkJobHbwsJacbc","Element":"BL","PrimaryAttribute":"Survey Blocks","SecondaryAttribute":null,"TertiaryAttribute":null,"Payload":{"0":{"Type":"Default","Description":"Prolific ID","ID":"BL_8jOYvazWpU6KZpQ","BlockElements":[{"Type":"Question","QuestionID":"QID2"}]},"1":{"Type":"Trash","Description":"Trash \/ Unused Questions","ID":"BL_eA8KPGI6f9O5kHk","BlockElements":[]},"2":{"Type":"Standard","SubType":"","Description":"Demographics","ID":"BL_8vKAi9WH5wrhC7Q","BlockElements":[{"Type":"Question","QuestionID":"QID26"},{"Type":"Question","QuestionID":"QID4"},{"Type":"Question","QuestionID":"QID32"}]},"4":{"Type":"Standard","SubType":"","Description":"Recall I","ID":"BL_eeoQy8X6Kmtzaw6","BlockElements":[{"Type":"Question","QuestionID":"QID11"}]},"6":{"Type":"Standard","SubType":"","Description":"End of Survey Message","ID":"BL_eMb3q5rpgBcvrq6","BlockElements":[{"Type":"Question","QuestionID":"QID46"},{"Type":"Question","QuestionID":"QID13"}]},"8":{"Type":"Standard","SubType":"","Description":"Brand Evaluation","ID":"BL_a3tMNglO7wxiXSC","BlockElements":[{"Type":"Question","QuestionID":"QID55"}]},"10":{"Type":"Standard","SubType":"","Description":"Recall aided","ID":"BL_cJ8RlcQ7A9N0jvE","BlockElements":[{"Type":"Question","QuestionID":"QID33"}]},"13":{"Type":"Standard","SubType":"","Description":"Brazil","ID":"BL_6AtV7LNtO5kxKl0","BlockElements":[{"Type":"Question","QuestionID":"QID57"}]},"14":{"Type":"Standard","SubType":"","Description":"Final_recall","ID":"BL_cPkBc2N0zwy8Clo","Options":{"BlockLocking":"false","RandomizeQuestions":"false","BlockVisibility":"Expanded"},"BlockElements":[{"Type":"Question","QuestionID":"QID54"}]},"15":{"Type":"Standard","SubType":"","Description":"Block 8","ID":"BL_0UjmMcrnmonAyY6","BlockElements":[{"Type":"Question","QuestionID":"QID58"}]}}},{"SurveyID":"SV_cPkJobHbwsJacbc","Element":"FL","PrimaryAttribute":"Survey Flow","SecondaryAttribute":null,"TertiaryAttribute":null,"Payload":{"Type":"Root","FlowID":"FL_1","Flow":[{"Type":"EmbeddedData","FlowID":"FL_9","EmbeddedData":[{"Description":"PROLIFIC_PID","Type":"Recipient","Field":"PROLIFIC_PID","VariableType":"String","DataVisibility":[],"AnalyzeText":false}]},{"Type":"EmbeddedData","FlowID":"FL_15","EmbeddedData":[{"Description":"useragent","Type":"Recipient","Field":"useragent","VariableType":"String","DataVisibility":[],"AnalyzeText":false},{"Description":"city","Type":"Custom","Field":"city","VariableType":"String","DataVisibility":[],"AnalyzeText":false,"Value":"${loc:\/\/City}"},{"Description":"state","Type":"Custom","Field":"state","VariableType":"String","DataVisibility":[],"AnalyzeText":false,"Value":"${loc:\/\/Region}"},{"Description":"postalcode","Type":"Custom","Field":"postalcode","VariableType":"String","DataVisibility":[],"AnalyzeText":false,"Value":"${loc:\/\/PostalCode}"}]},{"Type":"Block","ID":"BL_8jOYvazWpU6KZpQ","FlowID":"FL_2","Autofill":[]},{"Type":"Standard","ID":"BL_8vKAi9WH5wrhC7Q","FlowID":"FL_3","Autofill":[]},{"Type":"Standard","ID":"BL_eeoQy8X6Kmtzaw6","FlowID":"FL_5","Autofill":[]},{"Type":"Standard","ID":"BL_cJ8RlcQ7A9N0jvE","FlowID":"FL_14","Autofill":[]},{"Type":"Standard","ID":"BL_cPkBc2N0zwy8Clo","FlowID":"FL_19","Autofill":[]},{"Type":"Standard","ID":"BL_a3tMNglO7wxiXSC","FlowID":"FL_11","Autofill":[]},{"ID":"BL_0UjmMcrnmonAyY6","Type":"Standard","FlowID":"FL_21"},{"Type":"Standard","ID":"BL_6AtV7LNtO5kxKl0","FlowID":"FL_18","Autofill":[]},{"Type":"Standard","ID":"BL_eMb3q5rpgBcvrq6","FlowID":"FL_7","Autofill":[]},{"Type":"EndSurvey","FlowID":"FL_10","EndingType":"Advanced","Options":{"Advanced":"true","SurveyTermination":"Redirect","EOSRedirectURL":"https:\/\/app.prolific.com\/submissions\/complete?cc=C1K07LUY","EOSMessageLibrary":"UR_6rOv7G4Goecl5J4","EOSMessage":"MS_0fHWPBhT20EzR8W"}}],"Properties":{"Count":21,"RemovedFieldsets":[]}}},{"SurveyID":"SV_cPkJobHbwsJacbc","Element":"NT","PrimaryAttribute":"NT_cRV6GK1ZJZ4WYAK","SecondaryAttribute":null,"TertiaryAttribute":null,"Payload":{"Notes":[{"Message":"Fisher, R.J. and Wakefield, K. (1998), Factors leading to group identification: A field study of winners and losers. Psychology & Marketing, 15: 23-40. https:\/\/doi.org\/10.1002\/(SICI)1520-6793(199801)15:1<23::AID-MAR3>3.0.CO;2-P","ID":"NO_eVed3CXHABUrAGy","UserID":"UR_6fgXB0Qr7spCeax","Timestamp":1712149838,"Removed":false}],"UserStatuses":{"UR_6fgXB0Qr7spCeax":"Expanded"},"ParentID":"QID34","ID":"NT_cRV6GK1ZJZ4WYAK"}},{"SurveyID":"SV_cPkJobHbwsJacbc","Element":"PL","PrimaryAttribute":"Preview Link","SecondaryAttribute":null,"TertiaryAttribute":null,"Payload":{"PreviewType":"Brand","PreviewID":"54252d79-0b6e-4338-93ea-6b498bcd67e7"}},{"SurveyID":"SV_cPkJobHbwsJacbc","Element":"RS","PrimaryAttribute":"RS_9Btz2ZDOR1boRHo","SecondaryAttribute":null,"TertiaryAttribute":null,"Payload":null},{"SurveyID":"SV_cPkJobHbwsJacbc","Element":"SO","PrimaryAttribute":"Survey Options","SecondaryAttribute":null,"TertiaryAttribute":null,"Payload":{"BackButton":"false","SaveAndContinue":"true","SurveyProtection":"PublicSurvey","BallotBoxStuffingPrevention":"false","NoIndex":"Yes","SecureResponseFiles":"true","SurveyExpiration":"None","SurveyTermination":"DefaultMessage","Header":"","Footer":"","ProgressBarDisplay":"None","PartialData":"+1 week","ValidationMessage":"","PreviousButton":" \u2190 ","NextButton":" \u2192 ","SurveyTitle":"Qualtrics Survey | Qualtrics Experience Management","SkinLibrary":"unisg","SkinType":"templated","Skin":{"brandingId":null,"templateId":"*base","overrides":null},"NewScoring":1,"SurveyMetaDescription":"The most powerful, simple and trusted way to gather experience data. Start your journey to experience management and try a free account today.","ProtectSelectionIds":true,"CustomStyles":[]}},{"SurveyID":"SV_cPkJobHbwsJacbc","Element":"SCO","PrimaryAttribute":"Scoring","SecondaryAttribute":null,"TertiaryAttribute":null,"Payload":{"ScoringCategories":[],"ScoringCategoryGroups":[],"ScoringSummaryCategory":null,"ScoringSummaryAfterQuestions":0,"ScoringSummaryAfterSurvey":0,"DefaultScoringCategory":null,"AutoScoringCategory":null}},{"SurveyID":"SV_cPkJobHbwsJacbc","Element":"PROJ","PrimaryAttribute":"CORE","SecondaryAttribute":null,"TertiaryAttribute":"1.1.0","Payload":{"ProjectCategory":"CORE","SchemaVersion":"1.1.0"}},{"SurveyID":"SV_cPkJobHbwsJacbc","Element":"STAT","PrimaryAttribute":"Survey Statistics","SecondaryAttribute":null,"TertiaryAttribute":null,"Payload":{"MobileCompatible":true,"ID":"Survey Statistics"}},{"SurveyID":"SV_cPkJobHbwsJacbc","Element":"QC","PrimaryAttribute":"Survey Question Count","SecondaryAttribute":"58","TertiaryAttribute":null,"Payload":null},{"SurveyID":"SV_cPkJobHbwsJacbc","Element":"SQ","PrimaryAttribute":"QID57","SecondaryAttribute":"Before starting this survey, were you aware of the recent severe flooding affecting southern Braz...","TertiaryAttribute":null,"Payload":{"QuestionText":"Before starting this survey, were you aware of the recent severe flooding affecting southern Brazil, including the state of Rio Grande do Sul and its capital, Porto Alegre?","DefaultChoices":false,"DataExportTag":"flood_awareness","QuestionType":"MC","Selector":"SAVR","SubSelector":"TX","DataVisibility":{"Private":false,"Hidden":false},"Configuration":{"QuestionDescriptionOption":"UseText"},"QuestionDescription":"Before starting this survey, were you aware of the recent severe flooding affecting southern Braz...","Choices":{"1":{"Display":"Yes, I was fully aware of the floods in southern Brazil."},"2":{"Display":"Yes, I had heard something about flooding in Brazil but didn't know the details."},"3":{"Display":"No, I was not aware of any flooding in Brazil before this survey."},"4":{"Display":"I'm not sure if I was aware of the flooding in Brazil."}},"ChoiceOrder":["1","2","3","4"],"Validation":{"Settings":{"ForceResponse":"ON","ForceResponseType":"ON","Type":"None"}},"GradingData":[],"Language":[],"NextChoiceId":5,"NextAnswerId":1,"QuestionID":"QID57"}},{"SurveyID":"SV_cPkJobHbwsJacbc","Element":"SQ","PrimaryAttribute":"QID32","SecondaryAttribute":"Choose one or more races that you consider yourself to be.","TertiaryAttribute":null,"Payload":{"ChoiceOrder":[1,2,3,4,5,6,7],"Choices":{"1":{"Display":"White or Caucasian"},"2":{"Display":"Black or African American"},"3":{"Display":"American Indian\/Native American or Alaska Native"},"4":{"Display":"Asian"},"5":{"Display":"Native Hawaiian or Other Pacific Islander"},"6":{"Display":"Other","TextEntry":"true"},"7":{"Display":"Prefer not to say"}},"Configuration":{"QuestionDescriptionOption":"UseText"},"DataVisibility":{"Hidden":false,"Private":false},"DefaultChoices":false,"Language":{"DE":{"QuestionText":"W\u00e4hlen Sie eine oder mehrere ethnische Gruppen aus, zu denen Sie sich z\u00e4hlen","Choices":{"1":{"Display":"Wei\u00df oder kaukasisch"},"2":{"Display":"Afroamerikanisch"},"3":{"Display":"Ureinwohner Amerikas oder Alaskas"},"4":{"Display":"Asiatisch"},"5":{"Display":"Ureinwohner von Hawaii oder den anderen Pazifikinseln"},"6":{"Display":"Sonstiges"},"7":{"Display":"Keine Angabe"}}},"EN-GB":{"QuestionText":"Choose one or more races that you consider yourself to be","Choices":{"1":{"Display":"White or Caucasian"},"2":{"Display":"Black or African American"},"3":{"Display":"American Indian\/Native American or Alaska Native"},"4":{"Display":"Asian"},"5":{"Display":"Native Hawaiian or Other Pacific Islander"},"6":{"Display":"Other"},"7":{"Display":"Prefer not to say"}}},"ES":{"QuestionText":"Elija una o m\u00e1s razas a la que cree pertenecer","Choices":{"1":{"Display":"Blanco o cauc\u00e1sico"},"2":{"Display":"Negra o afroamericana"},"3":{"Display":"Indio americano\/Nativo americano\/Nativo de Alaska"},"4":{"Display":"Asi\u00e1tico"},"5":{"Display":"Nativo de Haw\u00e1i o de otras islas del Pac\u00edfico"},"6":{"Display":"Otro"},"7":{"Display":"Prefiero no decirlo"}}},"ES-ES":{"QuestionText":"Seleccione una o m\u00e1s razas con las que se identifique:","Choices":{"1":{"Display":"Blanco o cauc\u00e1sico"},"2":{"Display":"Negro o afroamericano"},"3":{"Display":"Indio americano\/americano nativo o nativo de Alaska"},"4":{"Display":"Asi\u00e1tico\/a"},"5":{"Display":"Nativo de Haw\u00e1i o de otras islas del Pac\u00edfico"},"6":{"Display":"Otros"},"7":{"Display":"Prefiero no decirlo"}}},"FR":{"QuestionText":"Indiquez les origines ethniques auxquelles vous consid\u00e9rez que vous appartenez (plusieurs r\u00e9ponses possibles)","Choices":{"1":{"Display":"Blanc ou caucasien"},"2":{"Display":"Noir(e) ou Afro-Am\u00e9ricain(e)"},"3":{"Display":"Am\u00e9rindien\/Natif am\u00e9ricain ou natif d'Alaska"},"4":{"Display":"Asiatique"},"5":{"Display":"Natif(ve) d'Hawa\u00ef ou des \u00eeles du Pacifique"},"6":{"Display":"Autre"},"7":{"Display":"Ne souhaite pas r\u00e9pondre"}}},"IT":{"QuestionText":"Scegli una o pi\u00f9 etnie a cui ritieni di appartenere","Choices":{"1":{"Display":"Bianco\/a o caucasico\/a"},"2":{"Display":"Nero o Afroamericano"},"3":{"Display":"Nativo\/a indiano d\u2019America\/nativo americano\/a o nativo\/a dell'Alaska"},"4":{"Display":"Asiatico"},"5":{"Display":"Nativo\/a hawaiano\/a o isolano\/a del Pacifico"},"6":{"Display":"Altro"},"7":{"Display":"Preferisco non dirlo"}}},"JA":{"QuestionText":"\u3054\u81ea\u8eab\u306e\u30eb\u30fc\u30c4\u3068\u601d\u308f\u308c\u308b\u4eba\u7a2e\u30921\u3064\u4ee5\u4e0a\u9078\u629e\u3057\u3066\u304f\u3060\u3055\u3044\u3002","Choices":{"1":{"Display":"\u767d\u4eba"},"2":{"Display":"\u9ed2\u4eba\u307e\u305f\u306f\u30a2\u30d5\u30ea\u30ab\u7cfb\u30a2\u30e1\u30ea\u30ab\u4eba"},"3":{"Display":"\u30a2\u30e1\u30ea\u30ab\u5148\u4f4f\u6c11\u307e\u305f\u306f\u30a2\u30e9\u30b9\u30ab\u5148\u4f4f\u6c11"},"4":{"Display":"\u30a2\u30b8\u30a2\u4eba"},"5":{"Display":"\u30cf\u30ef\u30a4\u5148\u4f4f\u6c11\u307e\u305f\u306f\u305d\u306e\u4ed6\u306e\u592a\u5e73\u6d0b\u8af8\u5cf6\u306e\u4f4f\u6c11"},"6":{"Display":"\u305d\u306e\u4ed6"},"7":{"Display":"\u56de\u7b54\u3057\u305f\u304f\u306a\u3044"}}},"KO":{"QuestionText":"\ubcf8\uc778\uc774 \ud574\ub2f9\ub41c\ub2e4\uace0 \uc0dd\uac01\ud558\ub294 \uc778\uc885\uc744 \ud558\ub098 \uc774\uc0c1 \uc120\ud0dd\ud558\uc2ed\uc2dc\uc624.","Choices":{"1":{"Display":"\ubc31\uc778"},"2":{"Display":"\ud751\uc778 \ub610\ub294 \uc544\ud504\ub9ac\uce74\uacc4 \ubbf8\uad6d\uc778"},"3":{"Display":"\uc544\uba54\ub9ac\uce74 \uc778\ub514\uc5b8\/\uc544\uba54\ub9ac\uce74 \uc6d0\uc8fc\ubbfc \ub610\ub294 \uc54c\ub798\uc2a4\uce74 \uc6d0\uc8fc\ubbfc"},"4":{"Display":"\uc544\uc2dc\uc544\uc778"},"5":{"Display":"\ud558\uc640\uc774 \uc6d0\uc8fc\ubbfc \ub610\ub294 \uae30\ud0c0 \ud0dc\ud3c9\uc591\uc758 \uc12c \uc8fc\ubbfc"},"6":{"Display":"\uae30\ud0c0"},"7":{"Display":"\uc5b8\uae09 \uc548 \ud568"}}},"NL":{"QuestionText":"Kies een of meerdere rassen waartoe u volgens uzelf behoort","Choices":{"1":{"Display":"Blank"},"2":{"Display":"Zwart of Afro-Amerikaans"},"3":{"Display":"Amerikaans Indiaans\/native Amerikaans of afkomstig uit Alaska"},"4":{"Display":"Aziatisch"},"5":{"Display":"Geboren op Hawa\u00ef of een ander eiland in de Stille Oceaan"},"6":{"Display":"Anders"},"7":{"Display":"Ik antwoord liever niet"}}},"PT-BR":{"QuestionText":"Escolha uma ou mais ra\u00e7as com as quais voc\u00ea se identifica","Choices":{"1":{"Display":"Branco ou caucasiano"},"2":{"Display":"Negro ou afro-americano"},"3":{"Display":"Amer\u00edndio\/Nativo americano ou nativo do Alasca"},"4":{"Display":"Asi\u00e1tico"},"5":{"Display":"Nativo do Hava\u00ed ou de outra ilha do Pac\u00edfico"},"6":{"Display":"Outro"},"7":{"Display":"Prefiro n\u00e3o dizer"}}},"ZH-S":{"QuestionText":"\u9009\u62e9\u60a8\u8ba4\u4e3a\u81ea\u5df1\u6240\u5c5e\u7684\u4e00\u4e2a\u6216\u591a\u4e2a\u79cd\u65cf","Choices":{"1":{"Display":"\u767d\u4eba\u6216\u9ad8\u52a0\u7d22\u4eba"},"2":{"Display":"\u9ed1\u4eba\u6216\u975e\u6d32\u88d4\u7f8e\u56fd\u4eba"},"3":{"Display":"\u7f8e\u6d32\u5370\u7b2c\u5b89\u4eba\/\u5370\u7b2c\u5b89\u4eba\u6216\u963f\u62c9\u65af\u52a0\u539f\u4f4f\u6c11"},"4":{"Display":"\u4e9a\u88d4"},"5":{"Display":"\u590f\u5a01\u5937\u571f\u8457\u6216\u5176\u4ed6\u592a\u5e73\u6d0b\u5c9b\u6c11"},"6":{"Display":"\u5176\u4ed6"},"7":{"Display":"\u4fdd\u5bc6"}}},"ZH-T":{"QuestionText":"\u9078\u64c7\u60a8\u8a8d\u70ba\u81ea\u5df1\u5c6c\u65bc\u7684\u4e00\u6216\u591a\u500b\u7a2e\u65cf","Choices":{"1":{"Display":"\u767d\u4eba\u6216\u9ad8\u52a0\u7d22\u4eba"},"2":{"Display":"\u9ed1\u4eba\u6216\u975e\u6d32\u88d4\u7f8e\u570b\u4eba"},"3":{"Display":"\u7f8e\u6d32\u5370\u5730\u5b89\u4eba\/\u7f8e\u570b\u6216\u963f\u62c9\u65af\u52a0\u539f\u4f4f\u6c11"},"4":{"Display":"\u4e9e\u6d32\u4eba"},"5":{"Display":"\u590f\u5a01\u5937\u539f\u4f4f\u6c11\u6216\u592a\u5e73\u6d0b\u8af8\u5cf6\u4f4f\u6c11"},"6":{"Display":"\u5176\u4ed6"},"7":{"Display":"\u4e0d\u9858\u900f\u9732"}}}},"NextAnswerId":1,"NextChoiceId":8,"QuestionDescription":"Choose one or more races that you consider yourself to be.","QuestionText":"Choose one or more races that you consider yourself to be.","QuestionText_Unsafe":"Choose one or more races that you consider yourself to be","QuestionType":"MC","Selector":"MAVR","SubSelector":"TX","Validation":{"Settings":{"ForceResponse":"ON","ForceResponseType":"ON","Type":"None"}},"DataExportTag":"ethnicity","QuestionID":"QID32","Randomization":{"Advanced":null,"Type":"None","TotalRandSubset":""}}},{"SurveyID":"SV_cPkJobHbwsJacbc","Element":"SQ","PrimaryAttribute":"QID46","SecondaryAttribute":"Did you encounter any problems, issues, or do you have any comments concerning this study? If so,...","TertiaryAttribute":null,"Payload":{"QuestionText":"Did you encounter any problems, issues, or do you have any comments concerning this study? \n \nIf so, we would appreciate your input very much!","DataExportTag":"issues","QuestionType":"MC","Selector":"SAVR","SubSelector":"TX","DataVisibility":{"Private":false,"Hidden":false},"Configuration":{"QuestionDescriptionOption":"UseText"},"QuestionDescription":"Did you encounter any problems, issues, or do you have any comments concerning this study? If so,...","Choices":{"1":{"Display":"No"},"2":{"Display":"Yes:","TextEntry":"true"}},"ChoiceOrder":["1","2"],"Validation":{"Settings":{"ForceResponse":"OFF","Type":"None"}},"Language":[],"NextChoiceId":4,"NextAnswerId":1,"QuestionID":"QID46"}},{"SurveyID":"SV_cPkJobHbwsJacbc","Element":"SQ","PrimaryAttribute":"QID55","SecondaryAttribute":"For each pair of adjectives, please select the number that best represents your attitude towards...","TertiaryAttribute":null,"Payload":{"AnswerColumns":7,"AnswerOrder":["1","2","3","4","5","6","7"],"Answers":{"1":{"Display":"1"},"2":{"Display":"2"},"3":{"Display":"3"},"4":{"Display":"4"},"5":{"Display":"5"},"6":{"Display":"6"},"7":{"Display":"7"}},"ChoiceDataExportTags":false,"ChoiceOrder":["1","2","3"],"Choices":{"1":{"Display":"Dislike:Like"},"2":{"Display":"Unfavorable:Favorable"},"3":{"Display":"Negative:Positive"}},"Configuration":{"ChoiceColumnWidth":25,"MobileFirst":true,"QuestionDescriptionOption":"UseText","RepeatHeaders":"none","TextPosition":"inline","WhiteSpace":"OFF"},"DataExportTag":"brand_att","DataVisibility":{"Hidden":false,"Private":false},"DefaultChoices":false,"GradingData":[],"Language":[],"NextAnswerId":8,"NextChoiceId":5,"QuestionDescription":"For each pair of adjectives, please select the number that best represents your attitude towards...","QuestionID":"QID55","QuestionText":"For each pair of adjectives, please select the number that best represents your attitude towards the brand <b><i>KLM<\/i><\/b>.<br>","QuestionText_Unsafe":"For each pair of adjectives, please select the number that best represents your attitude towards the brand <b><i>Twix<\/i><\/b>.<br>","QuestionType":"Matrix","Selector":"Bipolar","Validation":{"Settings":{"ForceResponse":"ON","ForceResponseType":"ON","Type":"None"}},"Randomization":{"Advanced":null,"Type":"All","TotalRandSubset":""}}},{"SurveyID":"SV_cPkJobHbwsJacbc","Element":"SQ","PrimaryAttribute":"QID4","SecondaryAttribute":"How do you describe yourself?","TertiaryAttribute":null,"Payload":{"ChoiceOrder":[1,2,3,4,5],"Choices":{"1":{"Display":"Male"},"2":{"Display":"Female"},"3":{"Display":"Non-binary \/ third gender"},"4":{"Display":"Prefer to self-describe","TextEntry":"true"},"5":{"Display":"Prefer not to say"}},"Configuration":{"QuestionDescriptionOption":"UseText"},"DataVisibility":{"Hidden":false,"Private":false},"GradingData":[],"Language":{"DE":{"QuestionText":"Wie beschreiben Sie sich selbst?","Choices":{"1":{"Display":"M\u00e4nnlich"},"2":{"Display":"Weiblich"},"3":{"Display":"Nichtbin\u00e4r\/drittes Geschlecht"},"4":{"Display":"Selbstbeschreibung bevorzugt"},"5":{"Display":"Keine Angabe"}}},"EN-GB":{"QuestionText":"How do you describe yourself?","Choices":{"1":{"Display":"Male"},"2":{"Display":"Female"},"3":{"Display":"Non-binary \/ third gender"},"4":{"Display":"Prefer to self-describe"},"5":{"Display":"Prefer not to say"}}},"ES":{"QuestionText":"\u00bfC\u00f3mo se describe a usted mismo?","Choices":{"1":{"Display":"Masculino"},"2":{"Display":"Femenino"},"3":{"Display":"No binario \/ tercer sexo"},"4":{"Display":"Preferencia de autodescripci\u00f3n"},"5":{"Display":"Preferencia de no especificar"}}},"ES-ES":{"QuestionText":"\u00bfC\u00f3mo se describe a s\u00ed mismo?","Choices":{"1":{"Display":"Masculino"},"2":{"Display":"Femenino"},"3":{"Display":"No binario \/ tercer g\u00e9nero"},"4":{"Display":"Prefiere autodescribirse"},"5":{"Display":"Prefiero no decirlo"}}},"FR":{"QuestionText":"Comment vous d\u00e9crivez-vous\u00a0?","Choices":{"1":{"Display":"Un homme"},"2":{"Display":"Une femme"},"3":{"Display":"Non-binaire\/transgenre"},"4":{"Display":"Pr\u00e9f\u00e8re se d\u00e9crire soi-m\u00eame"},"5":{"Display":"Ne souhaite pas r\u00e9pondre"}}},"IT":{"QuestionText":"Come descrivi te stesso\/a?","Choices":{"1":{"Display":"Maschio"},"2":{"Display":"Femmina"},"3":{"Display":"Genere non-binario\/Terzo genere"},"4":{"Display":"Preferisco descrivermi personalmente"},"5":{"Display":"Preferisco non dirlo"}}},"JA":{"QuestionText":"\u81ea\u8eab\u306e\u6027\u8a8d\u8b58","Choices":{"1":{"Display":"\u7537\u6027"},"2":{"Display":"\u5973\u6027"},"3":{"Display":"\u30ce\u30f3\u30d0\u30a4\u30ca\u30ea\u30fc\uff0f\u7b2c\u4e09\u306e\u6027\u5225"},"4":{"Display":"\u81ea\u5206\u3067\u8a18\u8ff0\u3059\u308b"},"5":{"Display":"\u56de\u7b54\u3057\u305f\u304f\u306a\u3044"}}},"KO":{"QuestionText":"\ubcf8\uc778\uc744 \uc5b4\ub5bb\uac8c \uc124\uba85\ud558\uc2dc\uaca0\uc2b5\ub2c8\uae4c?","Choices":{"1":{"Display":"\ub0a8\uc131"},"2":{"Display":"\uc5ec\uc131"},"3":{"Display":"\ub17c\ubc14\uc774\ub108\ub9ac\/\uc81c3\uc758 \uc131"},"4":{"Display":"\uc790\uccb4 \uc124\uba85 \uc120\ud638"},"5":{"Display":"\ub9d0\uc218\uac00 \uc801\uc740 \ud3b8"}}},"NL":{"QuestionText":"Hoe omschrijft u uzelf?","Choices":{"1":{"Display":"Man"},"2":{"Display":"Vrouw"},"3":{"Display":"Non-binair\/derde geslacht"},"4":{"Display":"Ik geef liever een eigen omschrijving"},"5":{"Display":"Ik zeg dat liever niet"}}},"PT-BR":{"QuestionText":"Como voc\u00ea se descreve?","Choices":{"1":{"Display":"Masculino"},"2":{"Display":"Feminino"},"3":{"Display":"N\u00e3o bin\u00e1rio\/terceiro g\u00eanero"},"4":{"Display":"Prefere a autodescri\u00e7\u00e3o"},"5":{"Display":"Prefere n\u00e3o dizer"}}},"ZH-S":{"QuestionText":"\u60a8\u4f1a\u5982\u4f55\u5f62\u5bb9\u81ea\u5df1\uff1f","Choices":{"1":{"Display":"\u7537"},"2":{"Display":"\u5973"},"3":{"Display":"\u975e\u4e8c\u5143\u6027\u522b\/\u7b2c\u4e09\u6027\u522b"},"4":{"Display":"\u66f4\u5e0c\u671b\u81ea\u6211\u63cf\u8ff0"},"5":{"Display":"\u4fdd\u5bc6"}}},"ZH-T":{"QuestionText":"\u60a8\u5982\u4f55\u63cf\u8ff0\u81ea\u5df1\uff1f","Choices":{"1":{"Display":"\u7537"},"2":{"Display":"\u5973"},"3":{"Display":"\u975e\u4e8c\u5143\u6027\u5225\/\u7b2c\u4e09\u6027\u5225"},"4":{"Display":"\u5e0c\u671b\u81ea\u5df1\u63cf\u8ff0"},"5":{"Display":"\u4fdd\u5bc6"}}}},"NextAnswerId":1,"NextChoiceId":6,"QuestionDescription":"How do you describe yourself?","QuestionText":"How do you describe yourself?","QuestionText_Unsafe":"How do you describe yourself?","QuestionType":"MC","ReferenceQuestionConfig":{"instanceOf":{"id":"RQ_qlbaoGS6Hd15XPb","version":"v2.0.0"}},"SchemaConfig":{"ChoiceMapping":{"1":"enu:\/\/male","2":"enu:\/\/female","3":"enu:\/\/nonbinary","4":"enu:\/\/selfdescribe","5":"enu:\/\/prefernottosay"},"ChoiceMappingType":"Member","ChoiceTextMapping":{"4":"ses:\/\/genderselfdescribe"},"ConfigVersion":"1.0.0","Reconfirm":true,"URL":"ses:\/\/gender","XMDConnect":true},"Selector":"SAVR","SubSelector":"TX","Validation":{"Settings":{"ForceResponse":"ON","ForceResponseType":"ON","Type":"None"}},"DataExportTag":"gender","QuestionID":"QID4"}},{"SurveyID":"SV_cPkJobHbwsJacbc","Element":"SQ","PrimaryAttribute":"QID26","SecondaryAttribute":"How old are you?","TertiaryAttribute":null,"Payload":{"QuestionText":"How old are you?","DefaultChoices":false,"DataExportTag":"age","QuestionType":"TE","Selector":"SL","DataVisibility":{"Private":false,"Hidden":false},"Configuration":{"QuestionDescriptionOption":"UseText"},"QuestionDescription":"How old are you?","Validation":{"Settings":{"ForceResponse":"ON","ForceResponseType":"ON","Type":"None"}},"GradingData":[],"Language":[],"NextChoiceId":4,"NextAnswerId":1,"SearchSource":{"AllowFreeResponse":"false"},"QuestionID":"QID26","QuestionJS":"Qualtrics.SurveyEngine.addOnload(function()\n{\n\tjQuery(\"#\"+this.questionId+\" .InputText\").attr('type', 'number');\n\n});\n\nQualtrics.SurveyEngine.addOnReady(function()\n{\n\t\/*Place your JavaScript here to run when the page is fully displayed*\/\n\n});\n\nQualtrics.SurveyEngine.addOnUnload(function()\n{\n\t\/*Place your JavaScript here to run when the page is unloaded*\/\n\n});"}},{"SurveyID":"SV_cPkJobHbwsJacbc","Element":"SQ","PrimaryAttribute":"QID11","SecondaryAttribute":"Please list any brands from which you recall having seen an ad in the social media feed you have...","TertiaryAttribute":null,"Payload":{"QuestionText":"Please list any brands from which you recall having seen an ad in the social media feed you have just browsed.<br \/>\n<span style=\"font-size:11px;\">(If you recall multiple ads, please comma-separate your answer, i.e., &quot;brand x, organization y, ...&quot;. Type &quot;n\/a&quot; if you don&#39;t recall any ads.)<\/span>","DefaultChoices":false,"DataExportTag":"uncued_recall","QuestionType":"TE","Selector":"SL","DataVisibility":{"Private":false,"Hidden":false},"Configuration":{"QuestionDescriptionOption":"UseText"},"QuestionDescription":"Please list any brands from which you recall having seen an ad in the social media feed you have...","Validation":{"Settings":{"ForceResponse":"ON","ForceResponseType":"ON","Type":"None"}},"GradingData":[],"Language":[],"NextChoiceId":4,"NextAnswerId":1,"SearchSource":{"AllowFreeResponse":"false"},"QuestionID":"QID11"}},{"SurveyID":"SV_cPkJobHbwsJacbc","Element":"SQ","PrimaryAttribute":"QID33","SecondaryAttribute":"Please select the brands in the list below from which you recall seeing an ad (i.e., sponsored po...","TertiaryAttribute":null,"Payload":{"QuestionText":"Please select the brands in the list below from which you recall seeing an ad (i.e., sponsored post) in the feed.","DefaultChoices":false,"DataExportTag":"cued_recall","QuestionType":"MC","Selector":"MACOL","DataVisibility":{"Private":false,"Hidden":false},"Configuration":{"QuestionDescriptionOption":"UseText","NumColumns":3},"QuestionDescription":"Please select the brands in the list below from which you recall seeing an ad (i.e., sponsored po...","Choices":{"1":{"Display":"KLM"},"2":{"Display":"Twix"},"3":{"Display":"Nintendo"},"4":{"Display":"Rituals"},"5":{"Display":"Nike"},"6":{"Display":"Headspace"},"7":{"Display":"Ford"},"8":{"Display":"Bank of America"},"9":{"Display":"Aesop"},"10":{"Display":"Shopify"},"11":{"Display":"I do not recall any sponsored posts"}},"ChoiceOrder":["1","2","3","4","5","6","7","8","9","10","11"],"Validation":{"Settings":{"ForceResponse":"ON","ForceResponseType":"ON","Type":"MinChoices","MinChoices":"1"}},"GradingData":[],"Language":[],"NextChoiceId":12,"NextAnswerId":1,"QuestionID":"QID33","SubSelector":"TX","Randomization":{"Advanced":{"FixedOrder":["{~Randomized~}","{~Randomized~}","{~Randomized~}","{~Randomized~}","{~Randomized~}","{~Randomized~}","{~Randomized~}","{~Randomized~}","{~Randomized~}","10"],"RandomSubSet":[],"RandomizeAll":["1","2","3","4","5","6","7","8","9"],"ScaleReversal":[],"TotalRandSubset":0,"Undisplayed":[]},"ConsistentScaleReversal":false,"EvenPresentation":false,"TotalRandSubset":"","Type":"Advanced"}}},{"SurveyID":"SV_cPkJobHbwsJacbc","Element":"SQ","PrimaryAttribute":"QID58","SecondaryAttribute":"Please use the box below to share your thoughts about the social media feed you just browsed (e.g...","TertiaryAttribute":null,"Payload":{"Configuration":{"InputHeight":196,"InputWidth":587,"QuestionDescriptionOption":"UseText"},"DataExportTag":"otf","DataVisibility":{"Hidden":false,"Private":false},"DefaultChoices":false,"GradingData":[],"Language":[],"NextAnswerId":1,"NextChoiceId":4,"QuestionDescription":"Please use the box below to share your thoughts about the social media feed you just browsed (e.g...","QuestionID":"QID58","QuestionText":"Please use the box below to share your thoughts about the social media feed you just browsed (e.g.,  any aspects you particularly liked or disliked).","QuestionText_Unsafe":"Please use the box below to share your thoughts about the social media feed you just browsed (e.g.,  any aspects you particularly liked or disliked).","QuestionType":"TE","SearchSource":{"AllowFreeResponse":"false"},"Selector":"ESTB","Validation":{"Settings":{"ForceResponse":"ON","ForceResponseType":"ON","MinChars":"20","Type":"MinChar"}}}},{"SurveyID":"SV_cPkJobHbwsJacbc","Element":"SQ","PrimaryAttribute":"QID13","SecondaryAttribute":"Thank you for participating in our study. We appreciate your time and valuable responses. We woul...","TertiaryAttribute":null,"Payload":{"QuestionText":"Thank you for participating in our study. We appreciate your time and valuable responses.\n\nWe would like to clarify that the advertisement for KLM advertising flights to Brazil, which you saw during this study, was fictitious. <br><br>The ad, including the phrase \"Brazil's wild beauty calls! Experience nature like never before. Book your breathtaking adventure with KLM,\" was specifically created for the purpose of this research.\n\nThe study aimed to understand how the context in which an advertisement is seen can affect people\u2019s attitudes toward a brand. <br><br>It's important to note that the scenarios presented, were simulated to assess the impact of potentially sensitive contexts on brand perception.<br><br>Please click the button below to be redirected to Prolific and register your submission.<br><br>","DefaultChoices":false,"DataExportTag":"Q13","QuestionType":"DB","Selector":"TB","DataVisibility":{"Private":false,"Hidden":false},"Configuration":{"QuestionDescriptionOption":"UseText"},"QuestionDescription":"Thank you for participating in our study. We appreciate your time and valuable responses. We woul...","ChoiceOrder":[],"Validation":{"Settings":{"Type":"None"}},"GradingData":[],"Language":[],"NextChoiceId":4,"NextAnswerId":1,"QuestionID":"QID13"}},{"SurveyID":"SV_cPkJobHbwsJacbc","Element":"SQ","PrimaryAttribute":"QID54","SecondaryAttribute":"We have shown you an advertisement promoting KLM, an airline that offers flights to Brazil. The f...","TertiaryAttribute":null,"Payload":{"QuestionText":"We have shown you an advertisement promoting KLM, an airline that offers flights to Brazil. The following questions will ask about your attitude towards this brand. Please reflect on your overall impressions and any thoughts or feelings you associate with KLM based on the advertisement.","DefaultChoices":false,"DataExportTag":"Q27","QuestionID":"QID54","QuestionType":"DB","Selector":"TB","DataVisibility":{"Private":false,"Hidden":false},"Configuration":{"QuestionDescriptionOption":"UseText"},"QuestionDescription":"We have shown you an advertisement promoting KLM, an airline that offers flights to Brazil. The f...","ChoiceOrder":[],"Validation":{"Settings":{"Type":"None"}},"GradingData":[],"Language":[],"NextChoiceId":4,"NextAnswerId":1}},{"SurveyID":"SV_cPkJobHbwsJacbc","Element":"SQ","PrimaryAttribute":"QID2","SecondaryAttribute":"What is your Prolific ID? You may notice that this response field auto-fills with an ID. This sho...","TertiaryAttribute":null,"Payload":{"Configuration":{"QuestionDescriptionOption":"UseText"},"DataExportTag":"Prolific_ID","DataVisibility":{"Hidden":false,"Private":false},"DefaultChoices":{"TEXT":{"Text":"${e:\/\/Field\/PROLIFIC_PID}"}},"GradingData":[],"Language":[],"NextAnswerId":1,"NextChoiceId":4,"QuestionDescription":"What is your Prolific ID? You may notice that this response field auto-fills with an ID. This sho...","QuestionID":"QID2","QuestionText":"What is your Prolific ID?<br><span style=\"font-size:11px;\"><i>You may notice that this response field auto-fills with an ID. This should be your personal Prolific ID.<br>\nFeel free to adjust it in case you spot an error.<\/i><\/span>","QuestionText_Unsafe":"What is your Prolific ID? <br><i>Please note that this response should auto-fill with the correct ID<\/i>","QuestionType":"TE","SearchSource":{"AllowFreeResponse":"false"},"Selector":"SL","Validation":{"Settings":{"ForceResponse":"ON","ForceResponseType":"ON","Type":"None"}}}}]}